dependencies:
- name: mongodb
  repository: https://charts.bitnami.com/bitnami
  version: 12.1.27
- name: mailhog
  repository: https://codecentric.github.io/helm-charts
  version: 5.0.1
digest: sha256:8963e4182d88c519cf73b6c1e18f9993827b7bf7b54432f56b7b8c5d758bcf8e
generated: "2022-07-25T19:15:40.334548+02:00"
